
Microsoft Visual Studio Solution File, Format Version 12.00
# Visual Studio Version 17
VisualStudioVersion = 17.6.33829.357
MinimumVisualStudioVersion = 10.0.40219.1
Project("{9A19103F-16F7-4668-BE54-9A1E7A4F7556}") = "TesteB3.Api", "TesteB3\TesteB3.Api.csproj", "{F5022ED6-97A3-461D-9610-6C3A957A2D00}"
EndProject
Project("{9A19103F-16F7-4668-BE54-9A1E7A4F7556}") = "TesteB3.Api.Core", "TesteB3.Core\TesteB3.Api.Core.csproj", "{9BDA0446-AB10-458D-AAF8-7F6C395E1A9F}"
EndProject
Project("{9A19103F-16F7-4668-BE54-9A1E7A4F7556}") = "TesteB3.Angular", "TesteB3.Angular\TesteB3.Angular.csproj", "{0BE3F13B-4B9D-4D1A-B487-894CA360653B}"
EndProject
Project("{FAE04EC0-301F-11D3-BF4B-00C04F79EFBC}") = "TesteB3.RabbitMq", "TesteB3.RabbitMq\TesteB3.RabbitMq.csproj", "{5426EC75-BF4F-4CBC-ADA3-C55A41B0CFFB}"
EndProject
Global
	GlobalSection(SolutionConfigurationPlatforms) = preSolution
		Debug|Any CPU = Debug|Any CPU
		Release|Any CPU = Release|Any CPU
	EndGlobalSection
	GlobalSection(ProjectConfigurationPlatforms) = postSolution
		{F5022ED6-97A3-461D-9610-6C3A957A2D00}.Debug|Any CPU.ActiveCfg = Debug|Any CPU
		{F5022ED6-97A3-461D-9610-6C3A957A2D00}.Debug|Any CPU.Build.0 = Debug|Any CPU
		{F5022ED6-97A3-461D-9610-6C3A957A2D00}.Release|Any CPU.ActiveCfg = Release|Any CPU
		{F5022ED6-97A3-461D-9610-6C3A957A2D00}.Release|Any CPU.Build.0 = Release|Any CPU
		{9BDA0446-AB10-458D-AAF8-7F6C395E1A9F}.Debug|Any CPU.ActiveCfg = Debug|Any CPU
		{9BDA0446-AB10-458D-AAF8-7F6C395E1A9F}.Debug|Any CPU.Build.0 = Debug|Any CPU
		{9BDA0446-AB10-458D-AAF8-7F6C395E1A9F}.Release|Any CPU.ActiveCfg = Release|Any CPU
		{9BDA0446-AB10-458D-AAF8-7F6C395E1A9F}.Release|Any CPU.Build.0 = Release|Any CPU
		{0BE3F13B-4B9D-4D1A-B487-894CA360653B}.Debug|Any CPU.ActiveCfg = Debug|Any CPU
		{0BE3F13B-4B9D-4D1A-B487-894CA360653B}.Debug|Any CPU.Build.0 = Debug|Any CPU
		{0BE3F13B-4B9D-4D1A-B487-894CA360653B}.Release|Any CPU.ActiveCfg = Release|Any CPU
		{0BE3F13B-4B9D-4D1A-B487-894CA360653B}.Release|Any CPU.Build.0 = Release|Any CPU
		{5426EC75-BF4F-4CBC-ADA3-C55A41B0CFFB}.Debug|Any CPU.ActiveCfg = Debug|Any CPU
		{5426EC75-BF4F-4CBC-ADA3-C55A41B0CFFB}.Debug|Any CPU.Build.0 = Debug|Any CPU
		{5426EC75-BF4F-4CBC-ADA3-C55A41B0CFFB}.Release|Any CPU.ActiveCfg = Release|Any CPU
		{5426EC75-BF4F-4CBC-ADA3-C55A41B0CFFB}.Release|Any CPU.Build.0 = Release|Any CPU
	EndGlobalSection
	GlobalSection(SolutionProperties) = preSolution
		HideSolutionNode = FALSE
	EndGlobalSection
	GlobalSection(ExtensibilityGlobals) = postSolution
		SolutionGuid = {DE758BA4-4AF4-4BF5-999E-1D7861C058C9}
	EndGlobalSection
EndGlobal
